{
    "_readme": [
        "This file locks the dependencies of your project to a known state",
        "Read more about it at https://getcomposer.org/doc/01-basic-usage.md#installing-dependencies",
        "This file is @generated automatically"
    ],
    "content-hash": "905084e5f79e1a0eda0b83ff592d5844",
    "packages": [
        {
            "name": "boldgrid/library",
            "version": "2.6.0",
            "source": {
                "type": "git",
                "url": "https://github.com/BoldGrid/library.git",
                "reference": "bb7822ca24a9abf7df190a0c11a42fad3453bf80"
            },
            "dist": {
                "type": "zip",
                "url": "https://api.github.com/repos/BoldGrid/library/zipball/bb7822ca24a9abf7df190a0c11a42fad3453bf80",
                "reference": "bb7822ca24a9abf7df190a0c11a42fad3453bf80",
                "shasum": ""
            },
            "type": "library",
            "autoload": {
                "psr-4": {
                    "Boldgrid\\Library\\Util\\": "src/Util"
                }
            },
            "notification-url": "https://packagist.org/downloads/",
            "license": [
                "GPL-2.0-or-later"
            ],
            "authors": [
                {
                    "name": "Tim Elsass",
                    "email": "dev@tim.ph",
                    "homepage": "http://tim.ph",
                    "role": "Developer"
                },
                {
                    "name": "Rafael Ramos",
                    "homepage": "http://rafael-ramos.com",
                    "role": "Developer"
                },
                {
                    "name": "bwmarkle",
                    "role": "Developer"
                },
                {
                    "name": "Joe C",
                    "email": "joec@boldgrid.com",
                    "role": "Developer"
                }
            ],
            "description": "The BoldGrid Library for shared code used in official BoldGrid plugins and themes.",
            "time": "2018-10-02T19:19:25+00:00"
        },
        {
            "name": "boldgrid/theme-updater",
            "version": "1.0.0",
            "source": {
                "type": "git",
                "url": "https://github.com/BoldGrid/theme-updater.git",
                "reference": "87cf31aaa4c4992c2befddfe58f7ac4b1faa49e0"
            },
            "dist": {
                "type": "zip",
                "url": "https://api.github.com/repos/BoldGrid/theme-updater/zipball/87cf31aaa4c4992c2befddfe58f7ac4b1faa49e0",
                "reference": "87cf31aaa4c4992c2befddfe58f7ac4b1faa49e0",
                "shasum": ""
            },
            "require": {
                "boldgrid/library": "^2.0.0"
            },
            "type": "library",
            "autoload": {
                "psr-4": {
                    "Boldgrid\\Library\\Theme\\": "src/Theme"
                }
            },
            "notification-url": "https://packagist.org/downloads/",
            "license": [
                "GPL-2.0-or-later"
            ],
            "authors": [
                {
                    "name": "Tim Elsass",
                    "email": "dev@tim.ph",
                    "homepage": "http://tim.ph",
                    "role": "Developer"
                },
                {
                    "name": "Joe C",
                    "email": "joec@boldgrid.com",
                    "role": "Developer"
                },
                {
                    "name": "Rafael Ramos",
                    "email": "rafaelh@boldgrid.com",
                    "homepage": "http://rafael-ramos.com",
                    "role": "Developer"
                },
                {
                    "name": "bwmarkle",
                    "email": "bradm@boldgrid.com",
                    "role": "Developer"
                }
            ],
            "description": "A composer package for updating BoldGrid themes.",
            "time": "2018-02-28T16:39:25+00:00"
        }
    ],
    "packages-dev": [],
    "aliases": [],
    "minimum-stability": "stable",
    "stability-flags": [],
    "prefer-stable": false,
    "prefer-lowest": false,
    "platform": [],
    "platform-dev": []
}
